
Microsoft Visual Studio Solution File, Format Version 12.00
# Visual Studio Version 17
VisualStudioVersion = 17.5.33530.505
MinimumVisualStudioVersion = 10.0.40219.1
Project("{FAE04EC0-301F-11D3-BF4B-00C04F79EFBC}") = "BegGive", "BegGive.csproj", "{D0886258-C15B-4C66-87D7-BE0EB3B14E2B}"
EndProject
Global
	GlobalSection(SolutionConfigurationPlatforms) = preSolution
		Debug|Any CPU = Debug|Any CPU
		Release|Any CPU = Release|Any CPU
	EndGlobalSection
	GlobalSection(ProjectConfigurationPlatforms) = postSolution
		{D0886258-C15B-4C66-87D7-BE0EB3B14E2B}.Debug|Any CPU.ActiveCfg = Debug|Any CPU
		{D0886258-C15B-4C66-87D7-BE0EB3B14E2B}.Debug|Any CPU.Build.0 = Debug|Any CPU
		{D0886258-C15B-4C66-87D7-BE0EB3B14E2B}.Release|Any CPU.ActiveCfg = Release|Any CPU
		{D0886258-C15B-4C66-87D7-BE0EB3B14E2B}.Release|Any CPU.Build.0 = Release|Any CPU
	EndGlobalSection
	GlobalSection(SolutionProperties) = preSolution
		HideSolutionNode = FALSE
	EndGlobalSection
	GlobalSection(ExtensibilityGlobals) = postSolution
		SolutionGuid = {F7223C71-A0D1-4FC7-B57E-05D94F7D170D}
	EndGlobalSection
EndGlobal
